
Microsoft Visual Studio Solution File, Format Version 12.00
# Visual Studio Version 16
VisualStudioVersion = 16.0.31624.102
MinimumVisualStudioVersion = 10.0.40219.1
Project("{FAE04EC0-301F-11D3-BF4B-00C04F79EFBC}") = "Creat-List", "List\Creat-List.csproj", "{80CBD19B-44D1-401C-B28B-E8D4FC50601A}"
EndProject
Global
	GlobalSection(SolutionConfigurationPlatforms) = preSolution
		Debug|Any CPU = Debug|Any CPU
		Release|Any CPU = Release|Any CPU
	EndGlobalSection
	GlobalSection(ProjectConfigurationPlatforms) = postSolution
		{80CBD19B-44D1-401C-B28B-E8D4FC50601A}.Debug|Any CPU.ActiveCfg = Debug|Any CPU
		{80CBD19B-44D1-401C-B28B-E8D4FC50601A}.Debug|Any CPU.Build.0 = Debug|Any CPU
		{80CBD19B-44D1-401C-B28B-E8D4FC50601A}.Release|Any CPU.ActiveCfg = Release|Any CPU
		{80CBD19B-44D1-401C-B28B-E8D4FC50601A}.Release|Any CPU.Build.0 = Release|Any CPU
	EndGlobalSection
	GlobalSection(SolutionProperties) = preSolution
		HideSolutionNode = FALSE
	EndGlobalSection
	GlobalSection(ExtensibilityGlobals) = postSolution
		SolutionGuid = {EF7CE303-D6CD-4CAA-9306-3DF343644A4D}
	EndGlobalSection
EndGlobal
